# THIS IS AN AUTOGENERATED FILE. DO NOT EDIT THIS FILE DIRECTLY.
# yarn lockfile v1


"@zeit/ncc@^0.20.2":
  version "0.20.2"
  resolved "https://registry.yarnpkg.com/@zeit/ncc/-/ncc-0.20.2.tgz#5f5f67b51d6bd1f92e334c4aeed799dc9625a459"
  integrity sha512-pLc/iJ68//djAW3jE2xMm5vauAuN0wuq9bv4ha/AAlVOBhJXHrx7GBo8SITTZq11nT8wWzYrY0eotw4UfZBiiw==

arg@^4.1.0:
  version "4.1.0"
  resolved "https://registry.yarnpkg.com/arg/-/arg-4.1.0.tgz#583c518199419e0037abb74062c37f8519e575f0"
  integrity sha512-ZWc51jO3qegGkVh8Hwpv636EkbesNV5ZNQPCtRa+0qytRYPEs9IYT9qITY9buezqUH5uqyzlWLcufrzU2rffdg==
