# THIS IS AN AUTOGENERATED FILE. DO NOT EDIT THIS FILE DIRECTLY.
# yarn lockfile v1


"@zeit/ncc@^0.20.1":
  version "0.20.1"
  resolved "https://registry.yarnpkg.com/@zeit/ncc/-/ncc-0.20.1.tgz#1e282f23a171b11f5b65d3281fad7b9195cbab66"
  integrity sha512-sCSWftZlFR2VgbjdMq+/TPXU7fDJpsjxGcDU1Nh2b/Gemvna8Ncl77ck+6WeEhcx/Gwtv4AeR3xJ1upgk7MSnQ==

arg@^4.1.0:
  version "4.1.0"
  resolved "https://registry.yarnpkg.com/arg/-/arg-4.1.0.tgz#583c518199419e0037abb74062c37f8519e575f0"
  integrity sha512-ZWc51jO3qegGkVh8Hwpv636EkbesNV5ZNQPCtRa+0qytRYPEs9IYT9qITY9buezqUH5uqyzlWLcufrzU2rffdg==
